
Microsoft Visual Studio Solution File, Format Version 12.00
# Visual Studio 14
VisualStudioVersion = 14.0.25420.1
MinimumVisualStudioVersion = 10.0.40219.1
Project("{2150E333-8FDC-42A3-9474-1A3956D46DE8}") = "00.Client", "00.Client", "{72AF728E-5B2B-43F6-8CCD-89254EDC487B}"
EndProject
Project("{2150E333-8FDC-42A3-9474-1A3956D46DE8}") = "01.Engine", "01.Engine", "{A03991EF-143E-4DC3-B95C-A53692BA8AD8}"
EndProject
Project("{2150E333-8FDC-42A3-9474-1A3956D46DE8}") = "02.Base", "02.Base", "{18A212AC-6FD0-4002-8AB7-3BD5890B6026}"
	ProjectSection(SolutionItems) = preProject
		Base\Base.h = Base\Base.h
		Base\Base.inl = Base\Base.inl
	EndProjectSection
EndProject
Project("{8BC9CEB8-8B4A-11D0-8D11-00A0C91BC942}") = "Client", "Client\Include\Client.vcxproj", "{651714B1-011F-4A4B-BC4B-12A19FD612BB}"
	ProjectSection(ProjectDependencies) = postProject
		{5808EE34-8239-4DE2-ACAA-29BB344E62A1} = {5808EE34-8239-4DE2-ACAA-29BB344E62A1}
		{CACCD564-B1AF-4266-8752-5D0DB4173F2B} = {CACCD564-B1AF-4266-8752-5D0DB4173F2B}
		{64DBE4F0-72B6-489A-BE90-8940D445E928} = {64DBE4F0-72B6-489A-BE90-8940D445E928}
	EndProjectSection
EndProject
Project("{2150E333-8FDC-42A3-9474-1A3956D46DE8}") = "00.System", "00.System", "{826CEA36-6DA5-4333-BCDA-EAC5015B2A2D}"
EndProject
Project("{2150E333-8FDC-42A3-9474-1A3956D46DE8}") = "01.Utility", "01.Utility", "{66DB202F-B418-4F90-81C9-F3EC4DFF2231}"
EndProject
Project("{2150E333-8FDC-42A3-9474-1A3956D46DE8}") = "02.Resources", "02.Resources", "{A205FCBE-2D13-4EE2-98BF-CEBF2694A503}"
EndProject
Project("{2150E333-8FDC-42A3-9474-1A3956D46DE8}") = "03.Header", "03.Header", "{0714ECA6-CB73-4AFD-BC46-7620D9CA2E4B}"
	ProjectSection(SolutionItems) = preProject
		Engine\Header\Engine_Define.h = Engine\Header\Engine_Define.h
		Engine\Header\Engine_Enum.h = Engine\Header\Engine_Enum.h
		Engine\Header\Engine_Function.h = Engine\Header\Engine_Function.h
		Engine\Header\Engine_Macro.h = Engine\Header\Engine_Macro.h
		Engine\Header\Engine_Struct.h = Engine\Header\Engine_Struct.h
		Engine\Header\Engine_Typedef.h = Engine\Header\Engine_Typedef.h
		Engine\Header\Export_Function.h = Engine\Header\Export_Function.h
	EndProjectSection
EndProject
Project("{8BC9CEB8-8B4A-11D0-8D11-00A0C91BC942}") = "System", "Engine\System\Include\System.vcxproj", "{64DBE4F0-72B6-489A-BE90-8940D445E928}"
EndProject
Project("{8BC9CEB8-8B4A-11D0-8D11-00A0C91BC942}") = "Utility", "Engine\Utility\Include\Utility.vcxproj", "{5808EE34-8239-4DE2-ACAA-29BB344E62A1}"
EndProject
Project("{8BC9CEB8-8B4A-11D0-8D11-00A0C91BC942}") = "Resources", "Engine\Resources\Include\Resources.vcxproj", "{CACCD564-B1AF-4266-8752-5D0DB4173F2B}"
EndProject
Project("{2150E333-8FDC-42A3-9474-1A3956D46DE8}") = "03.MFCTool", "03.MFCTool", "{53F9392A-6DD5-46AF-8D0A-7AE642492E7A}"
EndProject
Project("{8BC9CEB8-8B4A-11D0-8D11-00A0C91BC942}") = "MFCTool", "MFCTool\Include\MFCTool.vcxproj", "{DF3A5237-E4DF-4A66-B0B2-574935F7DA8E}"
	ProjectSection(ProjectDependencies) = postProject
		{5808EE34-8239-4DE2-ACAA-29BB344E62A1} = {5808EE34-8239-4DE2-ACAA-29BB344E62A1}
		{CACCD564-B1AF-4266-8752-5D0DB4173F2B} = {CACCD564-B1AF-4266-8752-5D0DB4173F2B}
		{64DBE4F0-72B6-489A-BE90-8940D445E928} = {64DBE4F0-72B6-489A-BE90-8940D445E928}
	EndProjectSection
EndProject
Project("{2150E333-8FDC-42A3-9474-1A3956D46DE8}") = "Solution Items", "Solution Items", "{013A25AA-4995-4BD8-AB7E-23354347EC09}"
	ProjectSection(SolutionItems) = preProject
		README.md = README.md
	EndProjectSection
EndProject
Global
	GlobalSection(SolutionConfigurationPlatforms) = preSolution
		Debug|x64 = Debug|x64
		Debug|x86 = Debug|x86
		Release|x64 = Release|x64
		Release|x86 = Release|x86
	EndGlobalSection
	GlobalSection(ProjectConfigurationPlatforms) = postSolution
		{651714B1-011F-4A4B-BC4B-12A19FD612BB}.Debug|x64.ActiveCfg = Debug|x64
		{651714B1-011F-4A4B-BC4B-12A19FD612BB}.Debug|x64.Build.0 = Debug|x64
		{651714B1-011F-4A4B-BC4B-12A19FD612BB}.Debug|x86.ActiveCfg = Debug|Win32
		{651714B1-011F-4A4B-BC4B-12A19FD612BB}.Debug|x86.Build.0 = Debug|Win32
		{651714B1-011F-4A4B-BC4B-12A19FD612BB}.Release|x64.ActiveCfg = Release|x64
		{651714B1-011F-4A4B-BC4B-12A19FD612BB}.Release|x64.Build.0 = Release|x64
		{651714B1-011F-4A4B-BC4B-12A19FD612BB}.Release|x86.ActiveCfg = Release|Win32
		{651714B1-011F-4A4B-BC4B-12A19FD612BB}.Release|x86.Build.0 = Release|Win32
		{64DBE4F0-72B6-489A-BE90-8940D445E928}.Debug|x64.ActiveCfg = Debug|x64
		{64DBE4F0-72B6-489A-BE90-8940D445E928}.Debug|x64.Build.0 = Debug|x64
		{64DBE4F0-72B6-489A-BE90-8940D445E928}.Debug|x86.ActiveCfg = Debug|Win32
		{64DBE4F0-72B6-489A-BE90-8940D445E928}.Debug|x86.Build.0 = Debug|Win32
		{64DBE4F0-72B6-489A-BE90-8940D445E928}.Release|x64.ActiveCfg = Release|x64
		{64DBE4F0-72B6-489A-BE90-8940D445E928}.Release|x64.Build.0 = Release|x64
		{64DBE4F0-72B6-489A-BE90-8940D445E928}.Release|x86.ActiveCfg = Release|Win32
		{64DBE4F0-72B6-489A-BE90-8940D445E928}.Release|x86.Build.0 = Release|Win32
		{5808EE34-8239-4DE2-ACAA-29BB344E62A1}.Debug|x64.ActiveCfg = Debug|x64
		{5808EE34-8239-4DE2-ACAA-29BB344E62A1}.Debug|x64.Build.0 = Debug|x64
		{5808EE34-8239-4DE2-ACAA-29BB344E62A1}.Debug|x86.ActiveCfg = Debug|Win32
		{5808EE34-8239-4DE2-ACAA-29BB344E62A1}.Debug|x86.Build.0 = Debug|Win32
		{5808EE34-8239-4DE2-ACAA-29BB344E62A1}.Release|x64.ActiveCfg = Release|x64
		{5808EE34-8239-4DE2-ACAA-29BB344E62A1}.Release|x64.Build.0 = Release|x64
		{5808EE34-8239-4DE2-ACAA-29BB344E62A1}.Release|x86.ActiveCfg = Release|Win32
		{5808EE34-8239-4DE2-ACAA-29BB344E62A1}.Release|x86.Build.0 = Release|Win32
		{CACCD564-B1AF-4266-8752-5D0DB4173F2B}.Debug|x64.ActiveCfg = Debug|x64
		{CACCD564-B1AF-4266-8752-5D0DB4173F2B}.Debug|x64.Build.0 = Debug|x64
		{CACCD564-B1AF-4266-8752-5D0DB4173F2B}.Debug|x86.ActiveCfg = Debug|Win32
		{CACCD564-B1AF-4266-8752-5D0DB4173F2B}.Debug|x86.Build.0 = Debug|Win32
		{CACCD564-B1AF-4266-8752-5D0DB4173F2B}.Release|x64.ActiveCfg = Release|x64
		{CACCD564-B1AF-4266-8752-5D0DB4173F2B}.Release|x64.Build.0 = Release|x64
		{CACCD564-B1AF-4266-8752-5D0DB4173F2B}.Release|x86.ActiveCfg = Release|Win32
		{CACCD564-B1AF-4266-8752-5D0DB4173F2B}.Release|x86.Build.0 = Release|Win32
		{DF3A5237-E4DF-4A66-B0B2-574935F7DA8E}.Debug|x64.ActiveCfg = Debug|x64
		{DF3A5237-E4DF-4A66-B0B2-574935F7DA8E}.Debug|x64.Build.0 = Debug|x64
		{DF3A5237-E4DF-4A66-B0B2-574935F7DA8E}.Debug|x86.ActiveCfg = Debug|Win32
		{DF3A5237-E4DF-4A66-B0B2-574935F7DA8E}.Debug|x86.Build.0 = Debug|Win32
		{DF3A5237-E4DF-4A66-B0B2-574935F7DA8E}.Release|x64.ActiveCfg = Release|x64
		{DF3A5237-E4DF-4A66-B0B2-574935F7DA8E}.Release|x64.Build.0 = Release|x64
		{DF3A5237-E4DF-4A66-B0B2-574935F7DA8E}.Release|x86.ActiveCfg = Release|Win32
		{DF3A5237-E4DF-4A66-B0B2-574935F7DA8E}.Release|x86.Build.0 = Release|Win32
	EndGlobalSection
	GlobalSection(SolutionProperties) = preSolution
		HideSolutionNode = FALSE
	EndGlobalSection
	GlobalSection(NestedProjects) = preSolution
		{651714B1-011F-4A4B-BC4B-12A19FD612BB} = {72AF728E-5B2B-43F6-8CCD-89254EDC487B}
		{826CEA36-6DA5-4333-BCDA-EAC5015B2A2D} = {A03991EF-143E-4DC3-B95C-A53692BA8AD8}
		{66DB202F-B418-4F90-81C9-F3EC4DFF2231} = {A03991EF-143E-4DC3-B95C-A53692BA8AD8}
		{A205FCBE-2D13-4EE2-98BF-CEBF2694A503} = {A03991EF-143E-4DC3-B95C-A53692BA8AD8}
		{0714ECA6-CB73-4AFD-BC46-7620D9CA2E4B} = {A03991EF-143E-4DC3-B95C-A53692BA8AD8}
		{64DBE4F0-72B6-489A-BE90-8940D445E928} = {826CEA36-6DA5-4333-BCDA-EAC5015B2A2D}
		{5808EE34-8239-4DE2-ACAA-29BB344E62A1} = {66DB202F-B418-4F90-81C9-F3EC4DFF2231}
		{CACCD564-B1AF-4266-8752-5D0DB4173F2B} = {A205FCBE-2D13-4EE2-98BF-CEBF2694A503}
		{DF3A5237-E4DF-4A66-B0B2-574935F7DA8E} = {53F9392A-6DD5-46AF-8D0A-7AE642492E7A}
	EndGlobalSection
EndGlobal
